
Microsoft Visual Studio Solution File, Format Version 12.00
# Visual Studio Version 16
VisualStudioVersion = 16.0.31205.134
MinimumVisualStudioVersion = 10.0.40219.1
Project("{2150E333-8FDC-42A3-9474-1A3956D46DE8}") = "View", "View", "{FF9413D5-524C-4E0D-995D-9E7C49CA00BE}"
EndProject
Project("{FAE04EC0-301F-11D3-BF4B-00C04F79EFBC}") = "Web", "WebApplication3\Web.csproj", "{63EB0D06-821C-449D-BDFC-6CD7471A0CE1}"
EndProject
Global
	GlobalSection(SolutionConfigurationPlatforms) = preSolution
		Debug|Any CPU = Debug|Any CPU
		Release|Any CPU = Release|Any CPU
	EndGlobalSection
	GlobalSection(ProjectConfigurationPlatforms) = postSolution
		{63EB0D06-821C-449D-BDFC-6CD7471A0CE1}.Debug|Any CPU.ActiveCfg = Debug|Any CPU
		{63EB0D06-821C-449D-BDFC-6CD7471A0CE1}.Debug|Any CPU.Build.0 = Debug|Any CPU
		{63EB0D06-821C-449D-BDFC-6CD7471A0CE1}.Release|Any CPU.ActiveCfg = Release|Any CPU
		{63EB0D06-821C-449D-BDFC-6CD7471A0CE1}.Release|Any CPU.Build.0 = Release|Any CPU
	EndGlobalSection
	GlobalSection(SolutionProperties) = preSolution
		HideSolutionNode = FALSE
	EndGlobalSection
	GlobalSection(NestedProjects) = preSolution
		{63EB0D06-821C-449D-BDFC-6CD7471A0CE1} = {FF9413D5-524C-4E0D-995D-9E7C49CA00BE}
	EndGlobalSection
	GlobalSection(ExtensibilityGlobals) = postSolution
		SolutionGuid = {A0EE8A8C-E140-4DB1-8607-AAA4359E36F1}
	EndGlobalSection
EndGlobal
